
Microsoft Visual Studio Solution File, Format Version 12.00
# Visual Studio 2013
VisualStudioVersion = 12.0.40629.0
MinimumVisualStudioVersion = 10.0.40219.1
Project("{FAE04EC0-301F-11D3-BF4B-00C04F79EFBC}") = "EMSData", "EMSData\EMSData.csproj", "{21661335-39AD-4390-AA4C-8BFEDBB57E76}"
EndProject
Project("{2150E333-8FDC-42A3-9474-1A3956D46DE8}") = "PublishScripts", "PublishScripts", "{69FD36A3-B8A7-43AB-A582-735F69948074}"
	ProjectSection(SolutionItems) = preProject
		PublishScripts\AzureWebsitePublishModule.psm1 = PublishScripts\AzureWebsitePublishModule.psm1
		PublishScripts\Publish-WebApplicationWebsite.ps1 = PublishScripts\Publish-WebApplicationWebsite.ps1
	EndProjectSection
EndProject
Project("{2150E333-8FDC-42A3-9474-1A3956D46DE8}") = "Configurations", "Configurations", "{3DE62330-89F2-445A-866D-E8B39B2FB823}"
	ProjectSection(SolutionItems) = preProject
		PublishScripts\Configurations\EMSData-WAWS-dev.json = PublishScripts\Configurations\EMSData-WAWS-dev.json
	EndProjectSection
EndProject
Global
	GlobalSection(SolutionConfigurationPlatforms) = preSolution
		Debug|Any CPU = Debug|Any CPU
		Release|Any CPU = Release|Any CPU
	EndGlobalSection
	GlobalSection(ProjectConfigurationPlatforms) = postSolution
		{21661335-39AD-4390-AA4C-8BFEDBB57E76}.Debug|Any CPU.ActiveCfg = Debug|Any CPU
		{21661335-39AD-4390-AA4C-8BFEDBB57E76}.Debug|Any CPU.Build.0 = Debug|Any CPU
		{21661335-39AD-4390-AA4C-8BFEDBB57E76}.Release|Any CPU.ActiveCfg = Release|Any CPU
		{21661335-39AD-4390-AA4C-8BFEDBB57E76}.Release|Any CPU.Build.0 = Release|Any CPU
	EndGlobalSection
	GlobalSection(SolutionProperties) = preSolution
		HideSolutionNode = FALSE
	EndGlobalSection
	GlobalSection(NestedProjects) = preSolution
		{3DE62330-89F2-445A-866D-E8B39B2FB823} = {69FD36A3-B8A7-43AB-A582-735F69948074}
	EndGlobalSection
EndGlobal
